// !$*UTF8*$!
{
	archiveVersion = 1;
	classes = {
	};
	objectVersion = 56;
	objects = {

/* Begin PBXBuildFile section */
		B4C6C7092CA8A5CC000E6A5B /* TimerAppApp.swift in Sources */ = {isa = PBXBuildFile; fileRef = B4C6C7082CA8A5CC000E6A5B /* TimerAppApp.swift */; };
		B4C6C70D2CA8A5CD000E6A5B /* Assets.xcassets in Resources */ = {isa = PBXBuildFile; fileRef = B4C6C70C2CA8A5CD000E6A5B /* Assets.xcassets */; };
		B4C6C7102CA8A5CD000E6A5B /* Preview Assets.xcassets in Resources */ = {isa = PBXBuildFile; fileRef = B4C6C70F2CA8A5CD000E6A5B /* Preview Assets.xcassets */; };
		B4C6C71A2CA8A5CD000E6A5B /* TimerAppTests.swift in Sources */ = {isa = PBXBuildFile; fileRef = B4C6C7192CA8A5CD000E6A5B /* TimerAppTests.swift */; };
		B4C6C7242CA8A5CD000E6A5B /* TimerAppUITests.swift in Sources */ = {isa = PBXBuildFile; fileRef = B4C6C7232CA8A5CD000E6A5B /* TimerAppUITests.swift */; };
		B4C6C7262CA8A5CD000E6A5B /* TimerAppUITestsLaunchTests.swift in Sources */ = {isa = PBXBuildFile; fileRef = B4C6C7252CA8A5CD000E6A5B /* TimerAppUITestsLaunchTests.swift */; };
		B4C6C7332CA8A6FC000E6A5B /* TimerView.swift in Sources */ = {isa = PBXBuildFile; fileRef = B4C6C7322CA8A6FC000E6A5B /* TimerView.swift */; };
		B4C6C7352CA8A763000E6A5B /* CircularProgressView.swift in Sources */ = {isa = PBXBuildFile; fileRef = B4C6C7342CA8A763000E6A5B /* CircularProgressView.swift */; };
		B4C6C7372CA8AC59000E6A5B /* TimePickerView.swift in Sources */ = {isa = PBXBuildFile; fileRef = B4C6C7362CA8AC59000E6A5B /* TimePickerView.swift */; };
		B4FF9B572CA98FD9006EFAFD /* TimerViewModel.swift in Sources */ = {isa = PBXBuildFile; fileRef = B4FF9B562CA98FD9006EFAFD /* TimerViewModel.swift */; };
		B4FF9B5B2CA9DD97006EFAFD /* TimerState.swift in Sources */ = {isa = PBXBuildFile; fileRef = B4FF9B5A2CA9DD97006EFAFD /* TimerState.swift */; };
		B4FF9B5E2CA9DDE7006EFAFD /* TimePickerViewModel.swift in Sources */ = {isa = PBXBuildFile; fileRef = B4FF9B5D2CA9DDE7006EFAFD /* TimePickerViewModel.swift */; };
		B4FF9B602CA9DE2D006EFAFD /* TimeControlView.swift in Sources */ = {isa = PBXBuildFile; fileRef = B4FF9B5F2CA9DE2D006EFAFD /* TimeControlView.swift */; };
		B4FF9B632CA9DEA2006EFAFD /* TimerControlButtonStyle.swift in Sources */ = {isa = PBXBuildFile; fileRef = B4FF9B622CA9DEA2006EFAFD /* TimerControlButtonStyle.swift */; };
		B4FF9B662CA9DF30006EFAFD /* ButtonStyle+Extension.swift in Sources */ = {isa = PBXBuildFile; fileRef = B4FF9B652CA9DF30006EFAFD /* ButtonStyle+Extension.swift */; };
		B4FF9B682CA9E05F006EFAFD /* TimeTrackingView.swift in Sources */ = {isa = PBXBuildFile; fileRef = B4FF9B672CA9E05F006EFAFD /* TimeTrackingView.swift */; };
/* End PBXBuildFile section */

/* Begin PBXContainerItemProxy section */
		B4C6C7162CA8A5CD000E6A5B /* PBXContainerItemProxy */ = {
			isa = PBXContainerItemProxy;
			containerPortal = B4C6C6FD2CA8A5CC000E6A5B /* Project object */;
			proxyType = 1;
			remoteGlobalIDString = B4C6C7042CA8A5CC000E6A5B;
			remoteInfo = TimerApp;
		};
		B4C6C7202CA8A5CD000E6A5B /* PBXContainerItemProxy */ = {
			isa = PBXContainerItemProxy;
			containerPortal = B4C6C6FD2CA8A5CC000E6A5B /* Project object */;
			proxyType = 1;
			remoteGlobalIDString = B4C6C7042CA8A5CC000E6A5B;
			remoteInfo = TimerApp;
		};
/* End PBXContainerItemProxy section */

/* Begin PBXFileReference section */
		B4C6C7052CA8A5CC000E6A5B /* TimerApp.app */ = {isa = PBXFileReference; explicitFileType = wrapper.application; includeInIndex = 0; path = TimerApp.app; sourceTree = BUILT_PRODUCTS_DIR; };
		B4C6C7082CA8A5CC000E6A5B /* TimerAppApp.swift */ = {isa = PBXFileReference; lastKnownFileType = sourcecode.swift; path = TimerAppApp.swift; sourceTree = "<group>"; };
		B4C6C70C2CA8A5CD000E6A5B /* Assets.xcassets */ = {isa = PBXFileReference; lastKnownFileType = folder.assetcatalog; path = Assets.xcassets; sourceTree = "<group>"; };
		B4C6C70F2CA8A5CD000E6A5B /* Preview Assets.xcassets */ = {isa = PBXFileReference; lastKnownFileType = folder.assetcatalog; path = "Preview Assets.xcassets"; sourceTree = "<group>"; };
		B4C6C7152CA8A5CD000E6A5B /* TimerAppTests.xctest */ = {isa = PBXFileReference; explicitFileType = wrapper.cfbundle; includeInIndex = 0; path = TimerAppTests.xctest; sourceTree = BUILT_PRODUCTS_DIR; };
		B4C6C7192CA8A5CD000E6A5B /* TimerAppTests.swift */ = {isa = PBXFileReference; lastKnownFileType = sourcecode.swift; path = TimerAppTests.swift; sourceTree = "<group>"; };
		B4C6C71F2CA8A5CD000E6A5B /* TimerAppUITests.xctest */ = {isa = PBXFileReference; explicitFileType = wrapper.cfbundle; includeInIndex = 0; path = TimerAppUITests.xctest; sourceTree = BUILT_PRODUCTS_DIR; };
		B4C6C7232CA8A5CD000E6A5B /* TimerAppUITests.swift */ = {isa = PBXFileReference; lastKnownFileType = sourcecode.swift; path = TimerAppUITests.swift; sourceTree = "<group>"; };
		B4C6C7252CA8A5CD000E6A5B /* TimerAppUITestsLaunchTests.swift */ = {isa = PBXFileReference; lastKnownFileType = sourcecode.swift; path = TimerAppUITestsLaunchTests.swift; sourceTree = "<group>"; };
		B4C6C7322CA8A6FC000E6A5B /* TimerView.swift */ = {isa = PBXFileReference; lastKnownFileType = sourcecode.swift; path = TimerView.swift; sourceTree = "<group>"; };
		B4C6C7342CA8A763000E6A5B /* CircularProgressView.swift */ = {isa = PBXFileReference; lastKnownFileType = sourcecode.swift; path = CircularProgressView.swift; sourceTree = "<group>"; };
		B4C6C7362CA8AC59000E6A5B /* TimePickerView.swift */ = {isa = PBXFileReference; lastKnownFileType = sourcecode.swift; path = TimePickerView.swift; sourceTree = "<group>"; };
		B4FF9B562CA98FD9006EFAFD /* TimerViewModel.swift */ = {isa = PBXFileReference; lastKnownFileType = sourcecode.swift; path = TimerViewModel.swift; sourceTree = "<group>"; };
		B4FF9B5A2CA9DD97006EFAFD /* TimerState.swift */ = {isa = PBXFileReference; fileEncoding = 4; lastKnownFileType = sourcecode.swift; path = TimerState.swift; sourceTree = "<group>"; };
		B4FF9B5D2CA9DDE7006EFAFD /* TimePickerViewModel.swift */ = {isa = PBXFileReference; lastKnownFileType = sourcecode.swift; path = TimePickerViewModel.swift; sourceTree = "<group>"; };
		B4FF9B5F2CA9DE2D006EFAFD /* TimeControlView.swift */ = {isa = PBXFileReference; lastKnownFileType = sourcecode.swift; path = TimeControlView.swift; sourceTree = "<group>"; };
		B4FF9B622CA9DEA2006EFAFD /* TimerControlButtonStyle.swift */ = {isa = PBXFileReference; lastKnownFileType = sourcecode.swift; path = TimerControlButtonStyle.swift; sourceTree = "<group>"; };
		B4FF9B652CA9DF30006EFAFD /* ButtonStyle+Extension.swift */ = {isa = PBXFileReference; lastKnownFileType = sourcecode.swift; path = "ButtonStyle+Extension.swift"; sourceTree = "<group>"; };
		B4FF9B672CA9E05F006EFAFD /* TimeTrackingView.swift */ = {isa = PBXFileReference; lastKnownFileType = sourcecode.swift; path = TimeTrackingView.swift; sourceTree = "<group>"; };
/* End PBXFileReference section */

/* Begin PBXFrameworksBuildPhase section */
		B4C6C7022CA8A5CC000E6A5B /* Frameworks */ = {
			isa = PBXFrameworksBuildPhase;
			buildActionMask = 2147483647;
			files = (
			);
			runOnlyForDeploymentPostprocessing = 0;
		};
		B4C6C7122CA8A5CD000E6A5B /* Frameworks */ = {
			isa = PBXFrameworksBuildPhase;
			buildActionMask = 2147483647;
			files = (
			);
			runOnlyForDeploymentPostprocessing = 0;
		};
		B4C6C71C2CA8A5CD000E6A5B /* Frameworks */ = {
			isa = PBXFrameworksBuildPhase;
			buildActionMask = 2147483647;
			files = (
			);
			runOnlyForDeploymentPostprocessing = 0;
		};
/* End PBXFrameworksBuildPhase section */

/* Begin PBXGroup section */
		B4C6C6FC2CA8A5CC000E6A5B = {
			isa = PBXGroup;
			children = (
				B4C6C7072CA8A5CC000E6A5B /* TimerApp */,
				B4C6C7182CA8A5CD000E6A5B /* TimerAppTests */,
				B4C6C7222CA8A5CD000E6A5B /* TimerAppUITests */,
				B4C6C7062CA8A5CC000E6A5B /* Products */,
			);
			sourceTree = "<group>";
		};
		B4C6C7062CA8A5CC000E6A5B /* Products */ = {
			isa = PBXGroup;
			children = (
				B4C6C7052CA8A5CC000E6A5B /* TimerApp.app */,
				B4C6C7152CA8A5CD000E6A5B /* TimerAppTests.xctest */,
				B4C6C71F2CA8A5CD000E6A5B /* TimerAppUITests.xctest */,
			);
			name = Products;
			sourceTree = "<group>";
		};
		B4C6C7072CA8A5CC000E6A5B /* TimerApp */ = {
			isa = PBXGroup;
			children = (
				B4C6C7082CA8A5CC000E6A5B /* TimerAppApp.swift */,
				B4C6C70C2CA8A5CD000E6A5B /* Assets.xcassets */,
				B4C6C70E2CA8A5CD000E6A5B /* Preview Content */,
				B4FF9B582CA9DD64006EFAFD /* View */,
				B4FF9B592CA9DD6F006EFAFD /* Model */,
				B4FF9B5C2CA9DDA5006EFAFD /* ViewModel */,
				B4FF9B612CA9DE6F006EFAFD /* CustomControl */,
				B4FF9B642CA9DF00006EFAFD /* Extension */,
			);
			path = TimerApp;
			sourceTree = "<group>";
		};
		B4C6C70E2CA8A5CD000E6A5B /* Preview Content */ = {
			isa = PBXGroup;
			children = (
				B4C6C70F2CA8A5CD000E6A5B /* Preview Assets.xcassets */,
			);
			path = "Preview Content";
			sourceTree = "<group>";
		};
		B4C6C7182CA8A5CD000E6A5B /* TimerAppTests */ = {
			isa = PBXGroup;
			children = (
				B4C6C7192CA8A5CD000E6A5B /* TimerAppTests.swift */,
			);
			path = TimerAppTests;
			sourceTree = "<group>";
		};
		B4C6C7222CA8A5CD000E6A5B /* TimerAppUITests */ = {
			isa = PBXGroup;
			children = (
				B4C6C7232CA8A5CD000E6A5B /* TimerAppUITests.swift */,
				B4C6C7252CA8A5CD000E6A5B /* TimerAppUITestsLaunchTests.swift */,
			);
			path = TimerAppUITests;
			sourceTree = "<group>";
		};
		B4FF9B582CA9DD64006EFAFD /* View */ = {
			isa = PBXGroup;
			children = (
				B4C6C7322CA8A6FC000E6A5B /* TimerView.swift */,
				B4C6C7362CA8AC59000E6A5B /* TimePickerView.swift */,
				B4C6C7342CA8A763000E6A5B /* CircularProgressView.swift */,
				B4FF9B5F2CA9DE2D006EFAFD /* TimeControlView.swift */,
				B4FF9B672CA9E05F006EFAFD /* TimeTrackingView.swift */,
			);
			path = View;
			sourceTree = "<group>";
		};
		B4FF9B592CA9DD6F006EFAFD /* Model */ = {
			isa = PBXGroup;
			children = (
				B4FF9B5A2CA9DD97006EFAFD /* TimerState.swift */,
			);
			path = Model;
			sourceTree = "<group>";
		};
		B4FF9B5C2CA9DDA5006EFAFD /* ViewModel */ = {
			isa = PBXGroup;
			children = (
				B4FF9B562CA98FD9006EFAFD /* TimerViewModel.swift */,
				B4FF9B5D2CA9DDE7006EFAFD /* TimePickerViewModel.swift */,
			);
			path = ViewModel;
			sourceTree = "<group>";
		};
		B4FF9B612CA9DE6F006EFAFD /* CustomControl */ = {
			isa = PBXGroup;
			children = (
				B4FF9B622CA9DEA2006EFAFD /* TimerControlButtonStyle.swift */,
			);
			path = CustomControl;
			sourceTree = "<group>";
		};
		B4FF9B642CA9DF00006EFAFD /* Extension */ = {
			isa = PBXGroup;
			children = (
				B4FF9B652CA9DF30006EFAFD /* ButtonStyle+Extension.swift */,
			);
			path = Extension;
			sourceTree = "<group>";
		};
/* End PBXGroup section */

/* Begin PBXNativeTarget section */
		B4C6C7042CA8A5CC000E6A5B /* TimerApp */ = {
			isa = PBXNativeTarget;
			buildConfigurationList = B4C6C7292CA8A5CD000E6A5B /* Build configuration list for PBXNativeTarget "TimerApp" */;
			buildPhases = (
				B4C6C7012CA8A5CC000E6A5B /* Sources */,
				B4C6C7022CA8A5CC000E6A5B /* Frameworks */,
				B4C6C7032CA8A5CC000E6A5B /* Resources */,
			);
			buildRules = (
			);
			dependencies = (
			);
			name = TimerApp;
			productName = TimerApp;
			productReference = B4C6C7052CA8A5CC000E6A5B /* TimerApp.app */;
			productType = "com.apple.product-type.application";
		};
		B4C6C7142CA8A5CD000E6A5B /* TimerAppTests */ = {
			isa = PBXNativeTarget;
			buildConfigurationList = B4C6C72C2CA8A5CD000E6A5B /* Build configuration list for PBXNativeTarget "TimerAppTests" */;
			buildPhases = (
				B4C6C7112CA8A5CD000E6A5B /* Sources */,
				B4C6C7122CA8A5CD000E6A5B /* Frameworks */,
				B4C6C7132CA8A5CD000E6A5B /* Resources */,
			);
			buildRules = (
			);
			dependencies = (
				B4C6C7172CA8A5CD000E6A5B /* PBXTargetDependency */,
			);
			name = TimerAppTests;
			productName = TimerAppTests;
			productReference = B4C6C7152CA8A5CD000E6A5B /* TimerAppTests.xctest */;
			productType = "com.apple.product-type.bundle.unit-test";
		};
		B4C6C71E2CA8A5CD000E6A5B /* TimerAppUITests */ = {
			isa = PBXNativeTarget;
			buildConfigurationList = B4C6C72F2CA8A5CD000E6A5B /* Build configuration list for PBXNativeTarget "TimerAppUITests" */;
			buildPhases = (
				B4C6C71B2CA8A5CD000E6A5B /* Sources */,
				B4C6C71C2CA8A5CD000E6A5B /* Frameworks */,
				B4C6C71D2CA8A5CD000E6A5B /* Resources */,
			);
			buildRules = (
			);
			dependencies = (
				B4C6C7212CA8A5CD000E6A5B /* PBXTargetDependency */,
			);
			name = TimerAppUITests;
			productName = TimerAppUITests;
			productReference = B4C6C71F2CA8A5CD000E6A5B /* TimerAppUITests.xctest */;
			productType = "com.apple.product-type.bundle.ui-testing";
		};
/* End PBXNativeTarget section */

/* Begin PBXProject section */
		B4C6C6FD2CA8A5CC000E6A5B /* Project object */ = {
			isa = PBXProject;
			attributes = {
				BuildIndependentTargetsInParallel = 1;
				LastSwiftUpdateCheck = 1540;
				LastUpgradeCheck = 1540;
				TargetAttributes = {
					B4C6C7042CA8A5CC000E6A5B = {
						CreatedOnToolsVersion = 15.4;
					};
					B4C6C7142CA8A5CD000E6A5B = {
						CreatedOnToolsVersion = 15.4;
						TestTargetID = B4C6C7042CA8A5CC000E6A5B;
					};
					B4C6C71E2CA8A5CD000E6A5B = {
						CreatedOnToolsVersion = 15.4;
						TestTargetID = B4C6C7042CA8A5CC000E6A5B;
					};
				};
			};
			buildConfigurationList = B4C6C7002CA8A5CC000E6A5B /* Build configuration list for PBXProject "TimerApp" */;
			compatibilityVersion = "Xcode 14.0";
			developmentRegion = en;
			hasScannedForEncodings = 0;
			knownRegions = (
				en,
				Base,
			);
			mainGroup = B4C6C6FC2CA8A5CC000E6A5B;
			productRefGroup = B4C6C7062CA8A5CC000E6A5B /* Products */;
			projectDirPath = "";
			projectRoot = "";
			targets = (
				B4C6C7042CA8A5CC000E6A5B /* TimerApp */,
				B4C6C7142CA8A5CD000E6A5B /* TimerAppTests */,
				B4C6C71E2CA8A5CD000E6A5B /* TimerAppUITests */,
			);
		};
/* End PBXProject section */

/* Begin PBXResourcesBuildPhase section */
		B4C6C7032CA8A5CC000E6A5B /* Resources */ = {
			isa = PBXResourcesBuildPhase;
			buildActionMask = 2147483647;
			files = (
				B4C6C7102CA8A5CD000E6A5B /* Preview Assets.xcassets in Resources */,
				B4C6C70D2CA8A5CD000E6A5B /* Assets.xcassets in Resources */,
			);
			runOnlyForDeploymentPostprocessing = 0;
		};
		B4C6C7132CA8A5CD000E6A5B /* Resources */ = {
			isa = PBXResourcesBuildPhase;
			buildActionMask = 2147483647;
			files = (
			);
			runOnlyForDeploymentPostprocessing = 0;
		};
		B4C6C71D2CA8A5CD000E6A5B /* Resources */ = {
			isa = PBXResourcesBuildPhase;
			buildActionMask = 2147483647;
			files = (
			);
			runOnlyForDeploymentPostprocessing = 0;
		};
/* End PBXResourcesBuildPhase section */

/* Begin PBXSourcesBuildPhase section */
		B4C6C7012CA8A5CC000E6A5B /* Sources */ = {
			isa = PBXSourcesBuildPhase;
			buildActionMask = 2147483647;
			files = (
				B4FF9B682CA9E05F006EFAFD /* TimeTrackingView.swift in Sources */,
				B4C6C7332CA8A6FC000E6A5B /* TimerView.swift in Sources */,
				B4FF9B662CA9DF30006EFAFD /* ButtonStyle+Extension.swift in Sources */,
				B4FF9B632CA9DEA2006EFAFD /* TimerControlButtonStyle.swift in Sources */,
				B4FF9B5E2CA9DDE7006EFAFD /* TimePickerViewModel.swift in Sources */,
				B4C6C7352CA8A763000E6A5B /* CircularProgressView.swift in Sources */,
				B4FF9B602CA9DE2D006EFAFD /* TimeControlView.swift in Sources */,
				B4C6C7092CA8A5CC000E6A5B /* TimerAppApp.swift in Sources */,
				B4FF9B572CA98FD9006EFAFD /* TimerViewModel.swift in Sources */,
				B4FF9B5B2CA9DD97006EFAFD /* TimerState.swift in Sources */,
				B4C6C7372CA8AC59000E6A5B /* TimePickerView.swift in Sources */,
			);
			runOnlyForDeploymentPostprocessing = 0;
		};
		B4C6C7112CA8A5CD000E6A5B /* Sources */ = {
			isa = PBXSourcesBuildPhase;
			buildActionMask = 2147483647;
			files = (
				B4C6C71A2CA8A5CD000E6A5B /* TimerAppTests.swift in Sources */,
			);
			runOnlyForDeploymentPostprocessing = 0;
		};
		B4C6C71B2CA8A5CD000E6A5B /* Sources */ = {
			isa = PBXSourcesBuildPhase;
			buildActionMask = 2147483647;
			files = (
				B4C6C7262CA8A5CD000E6A5B /* TimerAppUITestsLaunchTests.swift in Sources */,
				B4C6C7242CA8A5CD000E6A5B /* TimerAppUITests.swift in Sources */,
			);
			runOnlyForDeploymentPostprocessing = 0;
		};
/* End PBXSourcesBuildPhase section */

/* Begin PBXTargetDependency section */
		B4C6C7172CA8A5CD000E6A5B /* PBXTargetDependency */ = {
			isa = PBXTargetDependency;
			target = B4C6C7042CA8A5CC000E6A5B /* TimerApp */;
			targetProxy = B4C6C7162CA8A5CD000E6A5B /* PBXContainerItemProxy */;
		};
		B4C6C7212CA8A5CD000E6A5B /* PBXTargetDependency */ = {
			isa = PBXTargetDependency;
			target = B4C6C7042CA8A5CC000E6A5B /* TimerApp */;
			targetProxy = B4C6C7202CA8A5CD000E6A5B /* PBXContainerItemProxy */;
		};
/* End PBXTargetDependency section */

/* Begin XCBuildConfiguration section */
		B4C6C7272CA8A5CD000E6A5B /* Debug */ = {
			isa = XCBuildConfiguration;
			buildSettings = {
				ALWAYS_SEARCH_USER_PATHS = NO;
				ASSETCATALOG_COMPILER_GENERATE_SWIFT_ASSET_SYMBOL_EXTENSIONS = YES;
				CLANG_ANALYZER_NONNULL = YES;
				CLANG_ANALYZER_NUMBER_OBJECT_CONVERSION = YES_AGGRESSIVE;
				CLANG_CXX_LANGUAGE_STANDARD = "gnu++20";
				CLANG_ENABLE_MODULES = YES;
				CLANG_ENABLE_OBJC_ARC = YES;
				CLANG_ENABLE_OBJC_WEAK = YES;
				CLANG_WARN_BLOCK_CAPTURE_AUTORELEASING = YES;
				CLANG_WARN_BOOL_CONVERSION = YES;
				CLANG_WARN_COMMA = YES;
				CLANG_WARN_CONSTANT_CONVERSION = YES;
				CLANG_WARN_DEPRECATED_OBJC_IMPLEMENTATIONS = YES;
				CLANG_WARN_DIRECT_OBJC_ISA_USAGE = YES_ERROR;
				CLANG_WARN_DOCUMENTATION_COMMENTS = YES;
				CLANG_WARN_EMPTY_BODY = YES;
				CLANG_WARN_ENUM_CONVERSION = YES;
				CLANG_WARN_INFINITE_RECURSION = YES;
				CLANG_WARN_INT_CONVERSION = YES;
				CLANG_WARN_NON_LITERAL_NULL_CONVERSION = YES;
				CLANG_WARN_OBJC_IMPLICIT_RETAIN_SELF = YES;
				CLANG_WARN_OBJC_LITERAL_CONVERSION = YES;
				CLANG_WARN_OBJC_ROOT_CLASS = YES_ERROR;
				CLANG_WARN_QUOTED_INCLUDE_IN_FRAMEWORK_HEADER = YES;
				CLANG_WARN_RANGE_LOOP_ANALYSIS = YES;
				CLANG_WARN_STRICT_PROTOTYPES = YES;
				CLANG_WARN_SUSPICIOUS_MOVE = YES;
				CLANG_WARN_UNGUARDED_AVAILABILITY = YES_AGGRESSIVE;
				CLANG_WARN_UNREACHABLE_CODE = YES;
				CLANG_WARN__DUPLICATE_METHOD_MATCH = YES;
				COPY_PHASE_STRIP = NO;
				DEBUG_INFORMATION_FORMAT = dwarf;
				ENABLE_STRICT_OBJC_MSGSEND = YES;
				ENABLE_TESTABILITY = YES;
				ENABLE_USER_SCRIPT_SANDBOXING = YES;
				GCC_C_LANGUAGE_STANDARD = gnu17;
				GCC_DYNAMIC_NO_PIC = NO;
				GCC_NO_COMMON_BLOCKS = YES;
				GCC_OPTIMIZATION_LEVEL = 0;
				GCC_PREPROCESSOR_DEFINITIONS = (
					"DEBUG=1",
					"$(inherited)",
				);
				GCC_WARN_64_TO_32_BIT_CONVERSION = YES;
				GCC_WARN_ABOUT_RETURN_TYPE = YES_ERROR;
				GCC_WARN_UNDECLARED_SELECTOR = YES;
				GCC_WARN_UNINITIALIZED_AUTOS = YES_AGGRESSIVE;
				GCC_WARN_UNUSED_FUNCTION = YES;
				GCC_WARN_UNUSED_VARIABLE = YES;
				IPHONEOS_DEPLOYMENT_TARGET = 17.5;
				LOCALIZATION_PREFERS_STRING_CATALOGS = YES;
				MTL_ENABLE_DEBUG_INFO = INCLUDE_SOURCE;
				MTL_FAST_MATH = YES;
				ONLY_ACTIVE_ARCH = YES;
				SDKROOT = iphoneos;
				SWIFT_ACTIVE_COMPILATION_CONDITIONS = "DEBUG $(inherited)";
				SWIFT_OPTIMIZATION_LEVEL = "-Onone";
			};
			name = Debug;
		};
		B4C6C7282CA8A5CD000E6A5B /* Release */ = {
			isa = XCBuildConfiguration;
			buildSettings = {
				ALWAYS_SEARCH_USER_PATHS = NO;
				ASSETCATALOG_COMPILER_GENERATE_SWIFT_ASSET_SYMBOL_EXTENSIONS = YES;
				CLANG_ANALYZER_NONNULL = YES;
				CLANG_ANALYZER_NUMBER_OBJECT_CONVERSION = YES_AGGRESSIVE;
				CLANG_CXX_LANGUAGE_STANDARD = "gnu++20";
				CLANG_ENABLE_MODULES = YES;
				CLANG_ENABLE_OBJC_ARC = YES;
				CLANG_ENABLE_OBJC_WEAK = YES;
				CLANG_WARN_BLOCK_CAPTURE_AUTORELEASING = YES;
				CLANG_WARN_BOOL_CONVERSION = YES;
				CLANG_WARN_COMMA = YES;
				CLANG_WARN_CONSTANT_CONVERSION = YES;
				CLANG_WARN_DEPRECATED_OBJC_IMPLEMENTATIONS = YES;
				CLANG_WARN_DIRECT_OBJC_ISA_USAGE = YES_ERROR;
				CLANG_WARN_DOCUMENTATION_COMMENTS = YES;
				CLANG_WARN_EMPTY_BODY = YES;
				CLANG_WARN_ENUM_CONVERSION = YES;
				CLANG_WARN_INFINITE_RECURSION = YES;
				CLANG_WARN_INT_CONVERSION = YES;
				CLANG_WARN_NON_LITERAL_NULL_CONVERSION = YES;
				CLANG_WARN_OBJC_IMPLICIT_RETAIN_SELF = YES;
				CLANG_WARN_OBJC_LITERAL_CONVERSION = YES;
				CLANG_WARN_OBJC_ROOT_CLASS = YES_ERROR;
				CLANG_WARN_QUOTED_INCLUDE_IN_FRAMEWORK_HEADER = YES;
				CLANG_WARN_RANGE_LOOP_ANALYSIS = YES;
				CLANG_WARN_STRICT_PROTOTYPES = YES;
				CLANG_WARN_SUSPICIOUS_MOVE = YES;
				CLANG_WARN_UNGUARDED_AVAILABILITY = YES_AGGRESSIVE;
				CLANG_WARN_UNREACHABLE_CODE = YES;
				CLANG_WARN__DUPLICATE_METHOD_MATCH = YES;
				COPY_PHASE_STRIP = NO;
				DEBUG_INFORMATION_FORMAT = "dwarf-with-dsym";
				ENABLE_NS_ASSERTIONS = NO;
				ENABLE_STRICT_OBJC_MSGSEND = YES;
				ENABLE_USER_SCRIPT_SANDBOXING = YES;
				GCC_C_LANGUAGE_STANDARD = gnu17;
				GCC_NO_COMMON_BLOCKS = YES;
				GCC_WARN_64_TO_32_BIT_CONVERSION = YES;
				GCC_WARN_ABOUT_RETURN_TYPE = YES_ERROR;
				GCC_WARN_UNDECLARED_SELECTOR = YES;
				GCC_WARN_UNINITIALIZED_AUTOS = YES_AGGRESSIVE;
				GCC_WARN_UNUSED_FUNCTION = YES;
				GCC_WARN_UNUSED_VARIABLE = YES;
				IPHONEOS_DEPLOYMENT_TARGET = 17.5;
				LOCALIZATION_PREFERS_STRING_CATALOGS = YES;
				MTL_ENABLE_DEBUG_INFO = NO;
				MTL_FAST_MATH = YES;
				SDKROOT = iphoneos;
				SWIFT_COMPILATION_MODE = wholemodule;
				VALIDATE_PRODUCT = YES;
			};
			name = Release;
		};
		B4C6C72A2CA8A5CD000E6A5B /* Debug */ = {
			isa = XCBuildConfiguration;
			buildSettings = {
				ASSETCATALOG_COMPILER_APPICON_NAME = AppIcon;
				ASSETCATALOG_COMPILER_GLOBAL_ACCENT_COLOR_NAME = AccentColor;
				CODE_SIGN_STYLE = Automatic;
				CURRENT_PROJECT_VERSION = 1;
				DEVELOPMENT_ASSET_PATHS = "\"TimerApp/Preview Content\"";
				DEVELOPMENT_TEAM = NH8ZL4WT7S;
				ENABLE_PREVIEWS = YES;
				GENERATE_INFOPLIST_FILE = YES;
				INFOPLIST_KEY_UIApplicationSceneManifest_Generation = YES;
				INFOPLIST_KEY_UIApplicationSupportsIndirectInputEvents = YES;
				INFOPLIST_KEY_UILaunchScreen_Generation = YES;
				INFOPLIST_KEY_UISupportedInterfaceOrientations_iPad = "UIInterfaceOrientationPortrait UIInterfaceOrientationPortraitUpsideDown UIInterfaceOrientationLandscapeLeft UIInterfaceOrientationLandscapeRight";
				INFOPLIST_KEY_UISupportedInterfaceOrientations_iPhone = "UIInterfaceOrientationPortrait UIInterfaceOrientationLandscapeLeft UIInterfaceOrientationLandscapeRight";
				LD_RUNPATH_SEARCH_PATHS = (
					"$(inherited)",
					"@executable_path/Frameworks",
				);
				MARKETING_VERSION = 1.0;
				PRODUCT_BUNDLE_IDENTIFIER = com.personal.TimerApp;
				PRODUCT_NAME = "$(TARGET_NAME)";
				SWIFT_EMIT_LOC_STRINGS = YES;
				SWIFT_VERSION = 5.0;
				TARGETED_DEVICE_FAMILY = "1,2";
			};
			name = Debug;
		};
		B4C6C72B2CA8A5CD000E6A5B /* Release */ = {
			isa = XCBuildConfiguration;
			buildSettings = {
				ASSETCATALOG_COMPILER_APPICON_NAME = AppIcon;
				ASSETCATALOG_COMPILER_GLOBAL_ACCENT_COLOR_NAME = AccentColor;
				CODE_SIGN_STYLE = Automatic;
				CURRENT_PROJECT_VERSION = 1;
				DEVELOPMENT_ASSET_PATHS = "\"TimerApp/Preview Content\"";
				DEVELOPMENT_TEAM = NH8ZL4WT7S;
				ENABLE_PREVIEWS = YES;
				GENERATE_INFOPLIST_FILE = YES;
				INFOPLIST_KEY_UIApplicationSceneManifest_Generation = YES;
				INFOPLIST_KEY_UIApplicationSupportsIndirectInputEvents = YES;
				INFOPLIST_KEY_UILaunchScreen_Generation = YES;
				INFOPLIST_KEY_UISupportedInterfaceOrientations_iPad = "UIInterfaceOrientationPortrait UIInterfaceOrientationPortraitUpsideDown UIInterfaceOrientationLandscapeLeft UIInterfaceOrientationLandscapeRight";
				INFOPLIST_KEY_UISupportedInterfaceOrientations_iPhone = "UIInterfaceOrientationPortrait UIInterfaceOrientationLandscapeLeft UIInterfaceOrientationLandscapeRight";
				LD_RUNPATH_SEARCH_PATHS = (
					"$(inherited)",
					"@executable_path/Frameworks",
				);
				MARKETING_VERSION = 1.0;
				PRODUCT_BUNDLE_IDENTIFIER = com.personal.TimerApp;
				PRODUCT_NAME = "$(TARGET_NAME)";
				SWIFT_EMIT_LOC_STRINGS = YES;
				SWIFT_VERSION = 5.0;
				TARGETED_DEVICE_FAMILY = "1,2";
			};
			name = Release;
		};
		B4C6C72D2CA8A5CD000E6A5B /* Debug */ = {
			isa = XCBuildConfiguration;
			buildSettings = {
				ALWAYS_EMBED_SWIFT_STANDARD_LIBRARIES = YES;
				BUNDLE_LOADER = "$(TEST_HOST)";
				CODE_SIGN_STYLE = Automatic;
				CURRENT_PROJECT_VERSION = 1;
				DEVELOPMENT_TEAM = NH8ZL4WT7S;
				GENERATE_INFOPLIST_FILE = YES;
				IPHONEOS_DEPLOYMENT_TARGET = 17.5;
				MARKETING_VERSION = 1.0;
				PRODUCT_BUNDLE_IDENTIFIER = com.personal.TimerAppTests;
				PRODUCT_NAME = "$(TARGET_NAME)";
				SWIFT_EMIT_LOC_STRINGS = NO;
				SWIFT_VERSION = 5.0;
				TARGETED_DEVICE_FAMILY = "1,2";
				TEST_HOST = "$(BUILT_PRODUCTS_DIR)/TimerApp.app/$(BUNDLE_EXECUTABLE_FOLDER_PATH)/TimerApp";
			};
			name = Debug;
		};
		B4C6C72E2CA8A5CD000E6A5B /* Release */ = {
			isa = XCBuildConfiguration;
			buildSettings = {
				ALWAYS_EMBED_SWIFT_STANDARD_LIBRARIES = YES;
				BUNDLE_LOADER = "$(TEST_HOST)";
				CODE_SIGN_STYLE = Automatic;
				CURRENT_PROJECT_VERSION = 1;
				DEVELOPMENT_TEAM = NH8ZL4WT7S;
				GENERATE_INFOPLIST_FILE = YES;
				IPHONEOS_DEPLOYMENT_TARGET = 17.5;
				MARKETING_VERSION = 1.0;
				PRODUCT_BUNDLE_IDENTIFIER = com.personal.TimerAppTests;
				PRODUCT_NAME = "$(TARGET_NAME)";
				SWIFT_EMIT_LOC_STRINGS = NO;
				SWIFT_VERSION = 5.0;
				TARGETED_DEVICE_FAMILY = "1,2";
				TEST_HOST = "$(BUILT_PRODUCTS_DIR)/TimerApp.app/$(BUNDLE_EXECUTABLE_FOLDER_PATH)/TimerApp";
			};
			name = Release;
		};
		B4C6C7302CA8A5CD000E6A5B /* Debug */ = {
			isa = XCBuildConfiguration;
			buildSettings = {
				ALWAYS_EMBED_SWIFT_STANDARD_LIBRARIES = YES;
				CODE_SIGN_STYLE = Automatic;
				CURRENT_PROJECT_VERSION = 1;
				DEVELOPMENT_TEAM = NH8ZL4WT7S;
				GENERATE_INFOPLIST_FILE = YES;
				MARKETING_VERSION = 1.0;
				PRODUCT_BUNDLE_IDENTIFIER = com.personal.TimerAppUITests;
				PRODUCT_NAME = "$(TARGET_NAME)";
				SWIFT_EMIT_LOC_STRINGS = NO;
				SWIFT_VERSION = 5.0;
				TARGETED_DEVICE_FAMILY = "1,2";
				TEST_TARGET_NAME = TimerApp;
			};
			name = Debug;
		};
		B4C6C7312CA8A5CD000E6A5B /* Release */ = {
			isa = XCBuildConfiguration;
			buildSettings = {
				ALWAYS_EMBED_SWIFT_STANDARD_LIBRARIES = YES;
				CODE_SIGN_STYLE = Automatic;
				CURRENT_PROJECT_VERSION = 1;
				DEVELOPMENT_TEAM = NH8ZL4WT7S;
				GENERATE_INFOPLIST_FILE = YES;
				MARKETING_VERSION = 1.0;
				PRODUCT_BUNDLE_IDENTIFIER = com.personal.TimerAppUITests;
				PRODUCT_NAME = "$(TARGET_NAME)";
				SWIFT_EMIT_LOC_STRINGS = NO;
				SWIFT_VERSION = 5.0;
				TARGETED_DEVICE_FAMILY = "1,2";
				TEST_TARGET_NAME = TimerApp;
			};
			name = Release;
		};
/* End XCBuildConfiguration section */

/* Begin XCConfigurationList section */
		B4C6C7002CA8A5CC000E6A5B /* Build configuration list for PBXProject "TimerApp" */ = {
			isa = XCConfigurationList;
			buildConfigurations = (
				B4C6C7272CA8A5CD000E6A5B /* Debug */,
				B4C6C7282CA8A5CD000E6A5B /* Release */,
			);
			defaultConfigurationIsVisible = 0;
			defaultConfigurationName = Release;
		};
		B4C6C7292CA8A5CD000E6A5B /* Build configuration list for PBXNativeTarget "TimerApp" */ = {
			isa = XCConfigurationList;
			buildConfigurations = (
				B4C6C72A2CA8A5CD000E6A5B /* Debug */,
				B4C6C72B2CA8A5CD000E6A5B /* Release */,
			);
			defaultConfigurationIsVisible = 0;
			defaultConfigurationName = Release;
		};
		B4C6C72C2CA8A5CD000E6A5B /* Build configuration list for PBXNativeTarget "TimerAppTests" */ = {
			isa = XCConfigurationList;
			buildConfigurations = (
				B4C6C72D2CA8A5CD000E6A5B /* Debug */,
				B4C6C72E2CA8A5CD000E6A5B /* Release */,
			);
			defaultConfigurationIsVisible = 0;
			defaultConfigurationName = Release;
		};
		B4C6C72F2CA8A5CD000E6A5B /* Build configuration list for PBXNativeTarget "TimerAppUITests" */ = {
			isa = XCConfigurationList;
			buildConfigurations = (
				B4C6C7302CA8A5CD000E6A5B /* Debug */,
				B4C6C7312CA8A5CD000E6A5B /* Release */,
			);
			defaultConfigurationIsVisible = 0;
			defaultConfigurationName = Release;
		};
/* End XCConfigurationList section */
	};
	rootObject = B4C6C6FD2CA8A5CC000E6A5B /* Project object */;
}
