// !$*UTF8*$!
{
	archiveVersion = 1;
	classes = {
	};
	objectVersion = 56;
	objects = {

/* Begin PBXBuildFile section */
		B4C6C6B92CA8354F000E6A5B /* Hello_WorldApp.swift in Sources */ = {isa = PBXBuildFile; fileRef = B4C6C6B82CA8354F000E6A5B /* Hello_WorldApp.swift */; };
		B4C6C6BB2CA8354F000E6A5B /* ContentView.swift in Sources */ = {isa = PBXBuildFile; fileRef = B4C6C6BA2CA8354F000E6A5B /* ContentView.swift */; };
		B4C6C6BD2CA83550000E6A5B /* Assets.xcassets in Resources */ = {isa = PBXBuildFile; fileRef = B4C6C6BC2CA83550000E6A5B /* Assets.xcassets */; };
		B4C6C6C02CA83550000E6A5B /* Preview Assets.xcassets in Resources */ = {isa = PBXBuildFile; fileRef = B4C6C6BF2CA83550000E6A5B /* Preview Assets.xcassets */; };
		B4C6C6CA2CA83550000E6A5B /* Hello_WorldTests.swift in Sources */ = {isa = PBXBuildFile; fileRef = B4C6C6C92CA83550000E6A5B /* Hello_WorldTests.swift */; };
		B4C6C6D42CA83550000E6A5B /* Hello_WorldUITests.swift in Sources */ = {isa = PBXBuildFile; fileRef = B4C6C6D32CA83550000E6A5B /* Hello_WorldUITests.swift */; };
		B4C6C6D62CA83550000E6A5B /* Hello_WorldUITestsLaunchTests.swift in Sources */ = {isa = PBXBuildFile; fileRef = B4C6C6D52CA83550000E6A5B /* Hello_WorldUITestsLaunchTests.swift */; };
		B4C6C6E32CA835EF000E6A5B /* HelloWorld.swift in Sources */ = {isa = PBXBuildFile; fileRef = B4C6C6E22CA835EF000E6A5B /* HelloWorld.swift */; };
		B4C6C6E42CA835EF000E6A5B /* HelloWorld.swift in Sources */ = {isa = PBXBuildFile; fileRef = B4C6C6E22CA835EF000E6A5B /* HelloWorld.swift */; };
		B4C6C6E82CA83793000E6A5B /* NetworkManager.swift in Sources */ = {isa = PBXBuildFile; fileRef = B4C6C6E72CA83793000E6A5B /* NetworkManager.swift */; };
		B4C6C6E92CA83793000E6A5B /* NetworkManager.swift in Sources */ = {isa = PBXBuildFile; fileRef = B4C6C6E72CA83793000E6A5B /* NetworkManager.swift */; };
		B4C6C6EB2CA83A5B000E6A5B /* HelloWorldAPI.swift in Sources */ = {isa = PBXBuildFile; fileRef = B4C6C6EA2CA83A5B000E6A5B /* HelloWorldAPI.swift */; };
		B4C6C6EC2CA83A5B000E6A5B /* HelloWorldAPI.swift in Sources */ = {isa = PBXBuildFile; fileRef = B4C6C6EA2CA83A5B000E6A5B /* HelloWorldAPI.swift */; };
		B4C6C6EF2CA83E17000E6A5B /* HelloWorldViewModel.swift in Sources */ = {isa = PBXBuildFile; fileRef = B4C6C6EE2CA83E17000E6A5B /* HelloWorldViewModel.swift */; };
		B4C6C6F22CA83E4E000E6A5B /* HelloWorldView.swift in Sources */ = {isa = PBXBuildFile; fileRef = B4C6C6F12CA83E4E000E6A5B /* HelloWorldView.swift */; };
		B4C6C6F42CA846A3000E6A5B /* HelloWorldViewModelTests.swift in Sources */ = {isa = PBXBuildFile; fileRef = B4C6C6F32CA846A3000E6A5B /* HelloWorldViewModelTests.swift */; };
		B4C6C6F52CA846D2000E6A5B /* HelloWorldViewModel.swift in Sources */ = {isa = PBXBuildFile; fileRef = B4C6C6EE2CA83E17000E6A5B /* HelloWorldViewModel.swift */; };
		B4C6C6F72CA849FA000E6A5B /* MockHelloWorldAPI.swift in Sources */ = {isa = PBXBuildFile; fileRef = B4C6C6F62CA849FA000E6A5B /* MockHelloWorldAPI.swift */; };
		B4C6C6F92CA879FB000E6A5B /* APIRequestProtocol.swift in Sources */ = {isa = PBXBuildFile; fileRef = B4C6C6F82CA879FB000E6A5B /* APIRequestProtocol.swift */; };
		B4C6C6FA2CA87B8C000E6A5B /* APIRequestProtocol.swift in Sources */ = {isa = PBXBuildFile; fileRef = B4C6C6F82CA879FB000E6A5B /* APIRequestProtocol.swift */; };
/* End PBXBuildFile section */

/* Begin PBXContainerItemProxy section */
		B4C6C6C62CA83550000E6A5B /* PBXContainerItemProxy */ = {
			isa = PBXContainerItemProxy;
			containerPortal = B4C6C6AD2CA8354F000E6A5B /* Project object */;
			proxyType = 1;
			remoteGlobalIDString = B4C6C6B42CA8354F000E6A5B;
			remoteInfo = "Hello-World";
		};
		B4C6C6D02CA83550000E6A5B /* PBXContainerItemProxy */ = {
			isa = PBXContainerItemProxy;
			containerPortal = B4C6C6AD2CA8354F000E6A5B /* Project object */;
			proxyType = 1;
			remoteGlobalIDString = B4C6C6B42CA8354F000E6A5B;
			remoteInfo = "Hello-World";
		};
/* End PBXContainerItemProxy section */

/* Begin PBXFileReference section */
		B4C6C6B52CA8354F000E6A5B /* Hello-World.app */ = {isa = PBXFileReference; explicitFileType = wrapper.application; includeInIndex = 0; path = "Hello-World.app"; sourceTree = BUILT_PRODUCTS_DIR; };
		B4C6C6B82CA8354F000E6A5B /* Hello_WorldApp.swift */ = {isa = PBXFileReference; lastKnownFileType = sourcecode.swift; path = Hello_WorldApp.swift; sourceTree = "<group>"; };
		B4C6C6BA2CA8354F000E6A5B /* ContentView.swift */ = {isa = PBXFileReference; lastKnownFileType = sourcecode.swift; path = ContentView.swift; sourceTree = "<group>"; };
		B4C6C6BC2CA83550000E6A5B /* Assets.xcassets */ = {isa = PBXFileReference; lastKnownFileType = folder.assetcatalog; path = Assets.xcassets; sourceTree = "<group>"; };
		B4C6C6BF2CA83550000E6A5B /* Preview Assets.xcassets */ = {isa = PBXFileReference; lastKnownFileType = folder.assetcatalog; path = "Preview Assets.xcassets"; sourceTree = "<group>"; };
		B4C6C6C52CA83550000E6A5B /* Hello-WorldTests.xctest */ = {isa = PBXFileReference; explicitFileType = wrapper.cfbundle; includeInIndex = 0; path = "Hello-WorldTests.xctest"; sourceTree = BUILT_PRODUCTS_DIR; };
		B4C6C6C92CA83550000E6A5B /* Hello_WorldTests.swift */ = {isa = PBXFileReference; lastKnownFileType = sourcecode.swift; path = Hello_WorldTests.swift; sourceTree = "<group>"; };
		B4C6C6CF2CA83550000E6A5B /* Hello-WorldUITests.xctest */ = {isa = PBXFileReference; explicitFileType = wrapper.cfbundle; includeInIndex = 0; path = "Hello-WorldUITests.xctest"; sourceTree = BUILT_PRODUCTS_DIR; };
		B4C6C6D32CA83550000E6A5B /* Hello_WorldUITests.swift */ = {isa = PBXFileReference; lastKnownFileType = sourcecode.swift; path = Hello_WorldUITests.swift; sourceTree = "<group>"; };
		B4C6C6D52CA83550000E6A5B /* Hello_WorldUITestsLaunchTests.swift */ = {isa = PBXFileReference; lastKnownFileType = sourcecode.swift; path = Hello_WorldUITestsLaunchTests.swift; sourceTree = "<group>"; };
		B4C6C6E22CA835EF000E6A5B /* HelloWorld.swift */ = {isa = PBXFileReference; lastKnownFileType = sourcecode.swift; path = HelloWorld.swift; sourceTree = "<group>"; };
		B4C6C6E72CA83793000E6A5B /* NetworkManager.swift */ = {isa = PBXFileReference; lastKnownFileType = sourcecode.swift; path = NetworkManager.swift; sourceTree = "<group>"; };
		B4C6C6EA2CA83A5B000E6A5B /* HelloWorldAPI.swift */ = {isa = PBXFileReference; lastKnownFileType = sourcecode.swift; path = HelloWorldAPI.swift; sourceTree = "<group>"; };
		B4C6C6EE2CA83E17000E6A5B /* HelloWorldViewModel.swift */ = {isa = PBXFileReference; lastKnownFileType = sourcecode.swift; path = HelloWorldViewModel.swift; sourceTree = "<group>"; };
		B4C6C6F12CA83E4E000E6A5B /* HelloWorldView.swift */ = {isa = PBXFileReference; lastKnownFileType = sourcecode.swift; path = HelloWorldView.swift; sourceTree = "<group>"; };
		B4C6C6F32CA846A3000E6A5B /* HelloWorldViewModelTests.swift */ = {isa = PBXFileReference; lastKnownFileType = sourcecode.swift; path = HelloWorldViewModelTests.swift; sourceTree = "<group>"; };
		B4C6C6F62CA849FA000E6A5B /* MockHelloWorldAPI.swift */ = {isa = PBXFileReference; lastKnownFileType = sourcecode.swift; path = MockHelloWorldAPI.swift; sourceTree = "<group>"; };
		B4C6C6F82CA879FB000E6A5B /* APIRequestProtocol.swift */ = {isa = PBXFileReference; lastKnownFileType = sourcecode.swift; path = APIRequestProtocol.swift; sourceTree = "<group>"; };
/* End PBXFileReference section */

/* Begin PBXFrameworksBuildPhase section */
		B4C6C6B22CA8354F000E6A5B /* Frameworks */ = {
			isa = PBXFrameworksBuildPhase;
			buildActionMask = 2147483647;
			files = (
			);
			runOnlyForDeploymentPostprocessing = 0;
		};
		B4C6C6C22CA83550000E6A5B /* Frameworks */ = {
			isa = PBXFrameworksBuildPhase;
			buildActionMask = 2147483647;
			files = (
			);
			runOnlyForDeploymentPostprocessing = 0;
		};
		B4C6C6CC2CA83550000E6A5B /* Frameworks */ = {
			isa = PBXFrameworksBuildPhase;
			buildActionMask = 2147483647;
			files = (
			);
			runOnlyForDeploymentPostprocessing = 0;
		};
/* End PBXFrameworksBuildPhase section */

/* Begin PBXGroup section */
		B4C6C6AC2CA8354F000E6A5B = {
			isa = PBXGroup;
			children = (
				B4C6C6B72CA8354F000E6A5B /* Hello-World */,
				B4C6C6C82CA83550000E6A5B /* Hello-WorldTests */,
				B4C6C6D22CA83550000E6A5B /* Hello-WorldUITests */,
				B4C6C6B62CA8354F000E6A5B /* Products */,
			);
			sourceTree = "<group>";
		};
		B4C6C6B62CA8354F000E6A5B /* Products */ = {
			isa = PBXGroup;
			children = (
				B4C6C6B52CA8354F000E6A5B /* Hello-World.app */,
				B4C6C6C52CA83550000E6A5B /* Hello-WorldTests.xctest */,
				B4C6C6CF2CA83550000E6A5B /* Hello-WorldUITests.xctest */,
			);
			name = Products;
			sourceTree = "<group>";
		};
		B4C6C6B72CA8354F000E6A5B /* Hello-World */ = {
			isa = PBXGroup;
			children = (
				B4C6C6B82CA8354F000E6A5B /* Hello_WorldApp.swift */,
				B4C6C6BC2CA83550000E6A5B /* Assets.xcassets */,
				B4C6C6BE2CA83550000E6A5B /* Preview Content */,
				B4C6C6E62CA83649000E6A5B /* View */,
				B4C6C6ED2CA83E09000E6A5B /* ViewModel */,
				B4C6C6E52CA835F6000E6A5B /* Model */,
			);
			path = "Hello-World";
			sourceTree = "<group>";
		};
		B4C6C6BE2CA83550000E6A5B /* Preview Content */ = {
			isa = PBXGroup;
			children = (
				B4C6C6BF2CA83550000E6A5B /* Preview Assets.xcassets */,
			);
			path = "Preview Content";
			sourceTree = "<group>";
		};
		B4C6C6C82CA83550000E6A5B /* Hello-WorldTests */ = {
			isa = PBXGroup;
			children = (
				B4C6C6C92CA83550000E6A5B /* Hello_WorldTests.swift */,
				B4C6C6F32CA846A3000E6A5B /* HelloWorldViewModelTests.swift */,
				B4C6C6F62CA849FA000E6A5B /* MockHelloWorldAPI.swift */,
			);
			path = "Hello-WorldTests";
			sourceTree = "<group>";
		};
		B4C6C6D22CA83550000E6A5B /* Hello-WorldUITests */ = {
			isa = PBXGroup;
			children = (
				B4C6C6D32CA83550000E6A5B /* Hello_WorldUITests.swift */,
				B4C6C6D52CA83550000E6A5B /* Hello_WorldUITestsLaunchTests.swift */,
			);
			path = "Hello-WorldUITests";
			sourceTree = "<group>";
		};
		B4C6C6E52CA835F6000E6A5B /* Model */ = {
			isa = PBXGroup;
			children = (
				B4C6C6E22CA835EF000E6A5B /* HelloWorld.swift */,
				B4C6C6FB2CA87FD8000E6A5B /* Networking */,
			);
			path = Model;
			sourceTree = "<group>";
		};
		B4C6C6E62CA83649000E6A5B /* View */ = {
			isa = PBXGroup;
			children = (
				B4C6C6BA2CA8354F000E6A5B /* ContentView.swift */,
				B4C6C6F12CA83E4E000E6A5B /* HelloWorldView.swift */,
			);
			path = View;
			sourceTree = "<group>";
		};
		B4C6C6ED2CA83E09000E6A5B /* ViewModel */ = {
			isa = PBXGroup;
			children = (
				B4C6C6EE2CA83E17000E6A5B /* HelloWorldViewModel.swift */,
			);
			path = ViewModel;
			sourceTree = "<group>";
		};
		B4C6C6FB2CA87FD8000E6A5B /* Networking */ = {
			isa = PBXGroup;
			children = (
				B4C6C6E72CA83793000E6A5B /* NetworkManager.swift */,
				B4C6C6EA2CA83A5B000E6A5B /* HelloWorldAPI.swift */,
				B4C6C6F82CA879FB000E6A5B /* APIRequestProtocol.swift */,
			);
			path = Networking;
			sourceTree = "<group>";
		};
/* End PBXGroup section */

/* Begin PBXNativeTarget section */
		B4C6C6B42CA8354F000E6A5B /* Hello-World */ = {
			isa = PBXNativeTarget;
			buildConfigurationList = B4C6C6D92CA83550000E6A5B /* Build configuration list for PBXNativeTarget "Hello-World" */;
			buildPhases = (
				B4C6C6B12CA8354F000E6A5B /* Sources */,
				B4C6C6B22CA8354F000E6A5B /* Frameworks */,
				B4C6C6B32CA8354F000E6A5B /* Resources */,
			);
			buildRules = (
			);
			dependencies = (
			);
			name = "Hello-World";
			productName = "Hello-World";
			productReference = B4C6C6B52CA8354F000E6A5B /* Hello-World.app */;
			productType = "com.apple.product-type.application";
		};
		B4C6C6C42CA83550000E6A5B /* Hello-WorldTests */ = {
			isa = PBXNativeTarget;
			buildConfigurationList = B4C6C6DC2CA83550000E6A5B /* Build configuration list for PBXNativeTarget "Hello-WorldTests" */;
			buildPhases = (
				B4C6C6C12CA83550000E6A5B /* Sources */,
				B4C6C6C22CA83550000E6A5B /* Frameworks */,
				B4C6C6C32CA83550000E6A5B /* Resources */,
			);
			buildRules = (
			);
			dependencies = (
				B4C6C6C72CA83550000E6A5B /* PBXTargetDependency */,
			);
			name = "Hello-WorldTests";
			productName = "Hello-WorldTests";
			productReference = B4C6C6C52CA83550000E6A5B /* Hello-WorldTests.xctest */;
			productType = "com.apple.product-type.bundle.unit-test";
		};
		B4C6C6CE2CA83550000E6A5B /* Hello-WorldUITests */ = {
			isa = PBXNativeTarget;
			buildConfigurationList = B4C6C6DF2CA83550000E6A5B /* Build configuration list for PBXNativeTarget "Hello-WorldUITests" */;
			buildPhases = (
				B4C6C6CB2CA83550000E6A5B /* Sources */,
				B4C6C6CC2CA83550000E6A5B /* Frameworks */,
				B4C6C6CD2CA83550000E6A5B /* Resources */,
			);
			buildRules = (
			);
			dependencies = (
				B4C6C6D12CA83550000E6A5B /* PBXTargetDependency */,
			);
			name = "Hello-WorldUITests";
			productName = "Hello-WorldUITests";
			productReference = B4C6C6CF2CA83550000E6A5B /* Hello-WorldUITests.xctest */;
			productType = "com.apple.product-type.bundle.ui-testing";
		};
/* End PBXNativeTarget section */

/* Begin PBXProject section */
		B4C6C6AD2CA8354F000E6A5B /* Project object */ = {
			isa = PBXProject;
			attributes = {
				BuildIndependentTargetsInParallel = 1;
				LastSwiftUpdateCheck = 1540;
				LastUpgradeCheck = 1540;
				TargetAttributes = {
					B4C6C6B42CA8354F000E6A5B = {
						CreatedOnToolsVersion = 15.4;
					};
					B4C6C6C42CA83550000E6A5B = {
						CreatedOnToolsVersion = 15.4;
						TestTargetID = B4C6C6B42CA8354F000E6A5B;
					};
					B4C6C6CE2CA83550000E6A5B = {
						CreatedOnToolsVersion = 15.4;
						TestTargetID = B4C6C6B42CA8354F000E6A5B;
					};
				};
			};
			buildConfigurationList = B4C6C6B02CA8354F000E6A5B /* Build configuration list for PBXProject "Hello-World" */;
			compatibilityVersion = "Xcode 14.0";
			developmentRegion = en;
			hasScannedForEncodings = 0;
			knownRegions = (
				en,
				Base,
			);
			mainGroup = B4C6C6AC2CA8354F000E6A5B;
			productRefGroup = B4C6C6B62CA8354F000E6A5B /* Products */;
			projectDirPath = "";
			projectRoot = "";
			targets = (
				B4C6C6B42CA8354F000E6A5B /* Hello-World */,
				B4C6C6C42CA83550000E6A5B /* Hello-WorldTests */,
				B4C6C6CE2CA83550000E6A5B /* Hello-WorldUITests */,
			);
		};
/* End PBXProject section */

/* Begin PBXResourcesBuildPhase section */
		B4C6C6B32CA8354F000E6A5B /* Resources */ = {
			isa = PBXResourcesBuildPhase;
			buildActionMask = 2147483647;
			files = (
				B4C6C6C02CA83550000E6A5B /* Preview Assets.xcassets in Resources */,
				B4C6C6BD2CA83550000E6A5B /* Assets.xcassets in Resources */,
			);
			runOnlyForDeploymentPostprocessing = 0;
		};
		B4C6C6C32CA83550000E6A5B /* Resources */ = {
			isa = PBXResourcesBuildPhase;
			buildActionMask = 2147483647;
			files = (
			);
			runOnlyForDeploymentPostprocessing = 0;
		};
		B4C6C6CD2CA83550000E6A5B /* Resources */ = {
			isa = PBXResourcesBuildPhase;
			buildActionMask = 2147483647;
			files = (
			);
			runOnlyForDeploymentPostprocessing = 0;
		};
/* End PBXResourcesBuildPhase section */

/* Begin PBXSourcesBuildPhase section */
		B4C6C6B12CA8354F000E6A5B /* Sources */ = {
			isa = PBXSourcesBuildPhase;
			buildActionMask = 2147483647;
			files = (
				B4C6C6F92CA879FB000E6A5B /* APIRequestProtocol.swift in Sources */,
				B4C6C6E82CA83793000E6A5B /* NetworkManager.swift in Sources */,
				B4C6C6BB2CA8354F000E6A5B /* ContentView.swift in Sources */,
				B4C6C6E32CA835EF000E6A5B /* HelloWorld.swift in Sources */,
				B4C6C6B92CA8354F000E6A5B /* Hello_WorldApp.swift in Sources */,
				B4C6C6F22CA83E4E000E6A5B /* HelloWorldView.swift in Sources */,
				B4C6C6EF2CA83E17000E6A5B /* HelloWorldViewModel.swift in Sources */,
				B4C6C6EB2CA83A5B000E6A5B /* HelloWorldAPI.swift in Sources */,
			);
			runOnlyForDeploymentPostprocessing = 0;
		};
		B4C6C6C12CA83550000E6A5B /* Sources */ = {
			isa = PBXSourcesBuildPhase;
			buildActionMask = 2147483647;
			files = (
				B4C6C6FA2CA87B8C000E6A5B /* APIRequestProtocol.swift in Sources */,
				B4C6C6F42CA846A3000E6A5B /* HelloWorldViewModelTests.swift in Sources */,
				B4C6C6EC2CA83A5B000E6A5B /* HelloWorldAPI.swift in Sources */,
				B4C6C6F72CA849FA000E6A5B /* MockHelloWorldAPI.swift in Sources */,
				B4C6C6E92CA83793000E6A5B /* NetworkManager.swift in Sources */,
				B4C6C6CA2CA83550000E6A5B /* Hello_WorldTests.swift in Sources */,
				B4C6C6F52CA846D2000E6A5B /* HelloWorldViewModel.swift in Sources */,
				B4C6C6E42CA835EF000E6A5B /* HelloWorld.swift in Sources */,
			);
			runOnlyForDeploymentPostprocessing = 0;
		};
		B4C6C6CB2CA83550000E6A5B /* Sources */ = {
			isa = PBXSourcesBuildPhase;
			buildActionMask = 2147483647;
			files = (
				B4C6C6D62CA83550000E6A5B /* Hello_WorldUITestsLaunchTests.swift in Sources */,
				B4C6C6D42CA83550000E6A5B /* Hello_WorldUITests.swift in Sources */,
			);
			runOnlyForDeploymentPostprocessing = 0;
		};
/* End PBXSourcesBuildPhase section */

/* Begin PBXTargetDependency section */
		B4C6C6C72CA83550000E6A5B /* PBXTargetDependency */ = {
			isa = PBXTargetDependency;
			target = B4C6C6B42CA8354F000E6A5B /* Hello-World */;
			targetProxy = B4C6C6C62CA83550000E6A5B /* PBXContainerItemProxy */;
		};
		B4C6C6D12CA83550000E6A5B /* PBXTargetDependency */ = {
			isa = PBXTargetDependency;
			target = B4C6C6B42CA8354F000E6A5B /* Hello-World */;
			targetProxy = B4C6C6D02CA83550000E6A5B /* PBXContainerItemProxy */;
		};
/* End PBXTargetDependency section */

/* Begin XCBuildConfiguration section */
		B4C6C6D72CA83550000E6A5B /* Debug */ = {
			isa = XCBuildConfiguration;
			buildSettings = {
				ALWAYS_SEARCH_USER_PATHS = NO;
				ASSETCATALOG_COMPILER_GENERATE_SWIFT_ASSET_SYMBOL_EXTENSIONS = YES;
				CLANG_ANALYZER_NONNULL = YES;
				CLANG_ANALYZER_NUMBER_OBJECT_CONVERSION = YES_AGGRESSIVE;
				CLANG_CXX_LANGUAGE_STANDARD = "gnu++20";
				CLANG_ENABLE_MODULES = YES;
				CLANG_ENABLE_OBJC_ARC = YES;
				CLANG_ENABLE_OBJC_WEAK = YES;
				CLANG_WARN_BLOCK_CAPTURE_AUTORELEASING = YES;
				CLANG_WARN_BOOL_CONVERSION = YES;
				CLANG_WARN_COMMA = YES;
				CLANG_WARN_CONSTANT_CONVERSION = YES;
				CLANG_WARN_DEPRECATED_OBJC_IMPLEMENTATIONS = YES;
				CLANG_WARN_DIRECT_OBJC_ISA_USAGE = YES_ERROR;
				CLANG_WARN_DOCUMENTATION_COMMENTS = YES;
				CLANG_WARN_EMPTY_BODY = YES;
				CLANG_WARN_ENUM_CONVERSION = YES;
				CLANG_WARN_INFINITE_RECURSION = YES;
				CLANG_WARN_INT_CONVERSION = YES;
				CLANG_WARN_NON_LITERAL_NULL_CONVERSION = YES;
				CLANG_WARN_OBJC_IMPLICIT_RETAIN_SELF = YES;
				CLANG_WARN_OBJC_LITERAL_CONVERSION = YES;
				CLANG_WARN_OBJC_ROOT_CLASS = YES_ERROR;
				CLANG_WARN_QUOTED_INCLUDE_IN_FRAMEWORK_HEADER = YES;
				CLANG_WARN_RANGE_LOOP_ANALYSIS = YES;
				CLANG_WARN_STRICT_PROTOTYPES = YES;
				CLANG_WARN_SUSPICIOUS_MOVE = YES;
				CLANG_WARN_UNGUARDED_AVAILABILITY = YES_AGGRESSIVE;
				CLANG_WARN_UNREACHABLE_CODE = YES;
				CLANG_WARN__DUPLICATE_METHOD_MATCH = YES;
				COPY_PHASE_STRIP = NO;
				DEBUG_INFORMATION_FORMAT = dwarf;
				ENABLE_STRICT_OBJC_MSGSEND = YES;
				ENABLE_TESTABILITY = YES;
				ENABLE_USER_SCRIPT_SANDBOXING = YES;
				GCC_C_LANGUAGE_STANDARD = gnu17;
				GCC_DYNAMIC_NO_PIC = NO;
				GCC_NO_COMMON_BLOCKS = YES;
				GCC_OPTIMIZATION_LEVEL = 0;
				GCC_PREPROCESSOR_DEFINITIONS = (
					"DEBUG=1",
					"$(inherited)",
				);
				GCC_WARN_64_TO_32_BIT_CONVERSION = YES;
				GCC_WARN_ABOUT_RETURN_TYPE = YES_ERROR;
				GCC_WARN_UNDECLARED_SELECTOR = YES;
				GCC_WARN_UNINITIALIZED_AUTOS = YES_AGGRESSIVE;
				GCC_WARN_UNUSED_FUNCTION = YES;
				GCC_WARN_UNUSED_VARIABLE = YES;
				IPHONEOS_DEPLOYMENT_TARGET = 17.5;
				LOCALIZATION_PREFERS_STRING_CATALOGS = YES;
				MTL_ENABLE_DEBUG_INFO = INCLUDE_SOURCE;
				MTL_FAST_MATH = YES;
				ONLY_ACTIVE_ARCH = YES;
				SDKROOT = iphoneos;
				SWIFT_ACTIVE_COMPILATION_CONDITIONS = "DEBUG $(inherited)";
				SWIFT_OPTIMIZATION_LEVEL = "-Onone";
			};
			name = Debug;
		};
		B4C6C6D82CA83550000E6A5B /* Release */ = {
			isa = XCBuildConfiguration;
			buildSettings = {
				ALWAYS_SEARCH_USER_PATHS = NO;
				ASSETCATALOG_COMPILER_GENERATE_SWIFT_ASSET_SYMBOL_EXTENSIONS = YES;
				CLANG_ANALYZER_NONNULL = YES;
				CLANG_ANALYZER_NUMBER_OBJECT_CONVERSION = YES_AGGRESSIVE;
				CLANG_CXX_LANGUAGE_STANDARD = "gnu++20";
				CLANG_ENABLE_MODULES = YES;
				CLANG_ENABLE_OBJC_ARC = YES;
				CLANG_ENABLE_OBJC_WEAK = YES;
				CLANG_WARN_BLOCK_CAPTURE_AUTORELEASING = YES;
				CLANG_WARN_BOOL_CONVERSION = YES;
				CLANG_WARN_COMMA = YES;
				CLANG_WARN_CONSTANT_CONVERSION = YES;
				CLANG_WARN_DEPRECATED_OBJC_IMPLEMENTATIONS = YES;
				CLANG_WARN_DIRECT_OBJC_ISA_USAGE = YES_ERROR;
				CLANG_WARN_DOCUMENTATION_COMMENTS = YES;
				CLANG_WARN_EMPTY_BODY = YES;
				CLANG_WARN_ENUM_CONVERSION = YES;
				CLANG_WARN_INFINITE_RECURSION = YES;
				CLANG_WARN_INT_CONVERSION = YES;
				CLANG_WARN_NON_LITERAL_NULL_CONVERSION = YES;
				CLANG_WARN_OBJC_IMPLICIT_RETAIN_SELF = YES;
				CLANG_WARN_OBJC_LITERAL_CONVERSION = YES;
				CLANG_WARN_OBJC_ROOT_CLASS = YES_ERROR;
				CLANG_WARN_QUOTED_INCLUDE_IN_FRAMEWORK_HEADER = YES;
				CLANG_WARN_RANGE_LOOP_ANALYSIS = YES;
				CLANG_WARN_STRICT_PROTOTYPES = YES;
				CLANG_WARN_SUSPICIOUS_MOVE = YES;
				CLANG_WARN_UNGUARDED_AVAILABILITY = YES_AGGRESSIVE;
				CLANG_WARN_UNREACHABLE_CODE = YES;
				CLANG_WARN__DUPLICATE_METHOD_MATCH = YES;
				COPY_PHASE_STRIP = NO;
				DEBUG_INFORMATION_FORMAT = "dwarf-with-dsym";
				ENABLE_NS_ASSERTIONS = NO;
				ENABLE_STRICT_OBJC_MSGSEND = YES;
				ENABLE_USER_SCRIPT_SANDBOXING = YES;
				GCC_C_LANGUAGE_STANDARD = gnu17;
				GCC_NO_COMMON_BLOCKS = YES;
				GCC_WARN_64_TO_32_BIT_CONVERSION = YES;
				GCC_WARN_ABOUT_RETURN_TYPE = YES_ERROR;
				GCC_WARN_UNDECLARED_SELECTOR = YES;
				GCC_WARN_UNINITIALIZED_AUTOS = YES_AGGRESSIVE;
				GCC_WARN_UNUSED_FUNCTION = YES;
				GCC_WARN_UNUSED_VARIABLE = YES;
				IPHONEOS_DEPLOYMENT_TARGET = 17.5;
				LOCALIZATION_PREFERS_STRING_CATALOGS = YES;
				MTL_ENABLE_DEBUG_INFO = NO;
				MTL_FAST_MATH = YES;
				SDKROOT = iphoneos;
				SWIFT_COMPILATION_MODE = wholemodule;
				VALIDATE_PRODUCT = YES;
			};
			name = Release;
		};
		B4C6C6DA2CA83550000E6A5B /* Debug */ = {
			isa = XCBuildConfiguration;
			buildSettings = {
				ASSETCATALOG_COMPILER_APPICON_NAME = AppIcon;
				ASSETCATALOG_COMPILER_GLOBAL_ACCENT_COLOR_NAME = AccentColor;
				CODE_SIGN_STYLE = Automatic;
				CURRENT_PROJECT_VERSION = 1;
				DEVELOPMENT_ASSET_PATHS = "\"Hello-World/Preview Content\"";
				DEVELOPMENT_TEAM = NH8ZL4WT7S;
				ENABLE_PREVIEWS = YES;
				GENERATE_INFOPLIST_FILE = YES;
				INFOPLIST_KEY_UIApplicationSceneManifest_Generation = YES;
				INFOPLIST_KEY_UIApplicationSupportsIndirectInputEvents = YES;
				INFOPLIST_KEY_UILaunchScreen_Generation = YES;
				INFOPLIST_KEY_UISupportedInterfaceOrientations_iPad = "UIInterfaceOrientationPortrait UIInterfaceOrientationPortraitUpsideDown UIInterfaceOrientationLandscapeLeft UIInterfaceOrientationLandscapeRight";
				INFOPLIST_KEY_UISupportedInterfaceOrientations_iPhone = "UIInterfaceOrientationPortrait UIInterfaceOrientationLandscapeLeft UIInterfaceOrientationLandscapeRight";
				LD_RUNPATH_SEARCH_PATHS = (
					"$(inherited)",
					"@executable_path/Frameworks",
				);
				MARKETING_VERSION = 1.0;
				PRODUCT_BUNDLE_IDENTIFIER = "com.personal.Hello-World";
				PRODUCT_NAME = "$(TARGET_NAME)";
				SWIFT_EMIT_LOC_STRINGS = YES;
				SWIFT_VERSION = 5.0;
				TARGETED_DEVICE_FAMILY = "1,2";
			};
			name = Debug;
		};
		B4C6C6DB2CA83550000E6A5B /* Release */ = {
			isa = XCBuildConfiguration;
			buildSettings = {
				ASSETCATALOG_COMPILER_APPICON_NAME = AppIcon;
				ASSETCATALOG_COMPILER_GLOBAL_ACCENT_COLOR_NAME = AccentColor;
				CODE_SIGN_STYLE = Automatic;
				CURRENT_PROJECT_VERSION = 1;
				DEVELOPMENT_ASSET_PATHS = "\"Hello-World/Preview Content\"";
				DEVELOPMENT_TEAM = NH8ZL4WT7S;
				ENABLE_PREVIEWS = YES;
				GENERATE_INFOPLIST_FILE = YES;
				INFOPLIST_KEY_UIApplicationSceneManifest_Generation = YES;
				INFOPLIST_KEY_UIApplicationSupportsIndirectInputEvents = YES;
				INFOPLIST_KEY_UILaunchScreen_Generation = YES;
				INFOPLIST_KEY_UISupportedInterfaceOrientations_iPad = "UIInterfaceOrientationPortrait UIInterfaceOrientationPortraitUpsideDown UIInterfaceOrientationLandscapeLeft UIInterfaceOrientationLandscapeRight";
				INFOPLIST_KEY_UISupportedInterfaceOrientations_iPhone = "UIInterfaceOrientationPortrait UIInterfaceOrientationLandscapeLeft UIInterfaceOrientationLandscapeRight";
				LD_RUNPATH_SEARCH_PATHS = (
					"$(inherited)",
					"@executable_path/Frameworks",
				);
				MARKETING_VERSION = 1.0;
				PRODUCT_BUNDLE_IDENTIFIER = "com.personal.Hello-World";
				PRODUCT_NAME = "$(TARGET_NAME)";
				SWIFT_EMIT_LOC_STRINGS = YES;
				SWIFT_VERSION = 5.0;
				TARGETED_DEVICE_FAMILY = "1,2";
			};
			name = Release;
		};
		B4C6C6DD2CA83550000E6A5B /* Debug */ = {
			isa = XCBuildConfiguration;
			buildSettings = {
				ALWAYS_EMBED_SWIFT_STANDARD_LIBRARIES = YES;
				BUNDLE_LOADER = "$(TEST_HOST)";
				CODE_SIGN_STYLE = Automatic;
				CURRENT_PROJECT_VERSION = 1;
				DEVELOPMENT_TEAM = NH8ZL4WT7S;
				GENERATE_INFOPLIST_FILE = YES;
				IPHONEOS_DEPLOYMENT_TARGET = 17.5;
				MARKETING_VERSION = 1.0;
				PRODUCT_BUNDLE_IDENTIFIER = "com.personal.Hello-WorldTests";
				PRODUCT_NAME = "$(TARGET_NAME)";
				SWIFT_EMIT_LOC_STRINGS = NO;
				SWIFT_VERSION = 5.0;
				TARGETED_DEVICE_FAMILY = "1,2";
				TEST_HOST = "$(BUILT_PRODUCTS_DIR)/Hello-World.app/$(BUNDLE_EXECUTABLE_FOLDER_PATH)/Hello-World";
			};
			name = Debug;
		};
		B4C6C6DE2CA83550000E6A5B /* Release */ = {
			isa = XCBuildConfiguration;
			buildSettings = {
				ALWAYS_EMBED_SWIFT_STANDARD_LIBRARIES = YES;
				BUNDLE_LOADER = "$(TEST_HOST)";
				CODE_SIGN_STYLE = Automatic;
				CURRENT_PROJECT_VERSION = 1;
				DEVELOPMENT_TEAM = NH8ZL4WT7S;
				GENERATE_INFOPLIST_FILE = YES;
				IPHONEOS_DEPLOYMENT_TARGET = 17.5;
				MARKETING_VERSION = 1.0;
				PRODUCT_BUNDLE_IDENTIFIER = "com.personal.Hello-WorldTests";
				PRODUCT_NAME = "$(TARGET_NAME)";
				SWIFT_EMIT_LOC_STRINGS = NO;
				SWIFT_VERSION = 5.0;
				TARGETED_DEVICE_FAMILY = "1,2";
				TEST_HOST = "$(BUILT_PRODUCTS_DIR)/Hello-World.app/$(BUNDLE_EXECUTABLE_FOLDER_PATH)/Hello-World";
			};
			name = Release;
		};
		B4C6C6E02CA83550000E6A5B /* Debug */ = {
			isa = XCBuildConfiguration;
			buildSettings = {
				ALWAYS_EMBED_SWIFT_STANDARD_LIBRARIES = YES;
				CODE_SIGN_STYLE = Automatic;
				CURRENT_PROJECT_VERSION = 1;
				DEVELOPMENT_TEAM = NH8ZL4WT7S;
				GENERATE_INFOPLIST_FILE = YES;
				MARKETING_VERSION = 1.0;
				PRODUCT_BUNDLE_IDENTIFIER = "com.personal.Hello-WorldUITests";
				PRODUCT_NAME = "$(TARGET_NAME)";
				SWIFT_EMIT_LOC_STRINGS = NO;
				SWIFT_VERSION = 5.0;
				TARGETED_DEVICE_FAMILY = "1,2";
				TEST_TARGET_NAME = "Hello-World";
			};
			name = Debug;
		};
		B4C6C6E12CA83550000E6A5B /* Release */ = {
			isa = XCBuildConfiguration;
			buildSettings = {
				ALWAYS_EMBED_SWIFT_STANDARD_LIBRARIES = YES;
				CODE_SIGN_STYLE = Automatic;
				CURRENT_PROJECT_VERSION = 1;
				DEVELOPMENT_TEAM = NH8ZL4WT7S;
				GENERATE_INFOPLIST_FILE = YES;
				MARKETING_VERSION = 1.0;
				PRODUCT_BUNDLE_IDENTIFIER = "com.personal.Hello-WorldUITests";
				PRODUCT_NAME = "$(TARGET_NAME)";
				SWIFT_EMIT_LOC_STRINGS = NO;
				SWIFT_VERSION = 5.0;
				TARGETED_DEVICE_FAMILY = "1,2";
				TEST_TARGET_NAME = "Hello-World";
			};
			name = Release;
		};
/* End XCBuildConfiguration section */

/* Begin XCConfigurationList section */
		B4C6C6B02CA8354F000E6A5B /* Build configuration list for PBXProject "Hello-World" */ = {
			isa = XCConfigurationList;
			buildConfigurations = (
				B4C6C6D72CA83550000E6A5B /* Debug */,
				B4C6C6D82CA83550000E6A5B /* Release */,
			);
			defaultConfigurationIsVisible = 0;
			defaultConfigurationName = Release;
		};
		B4C6C6D92CA83550000E6A5B /* Build configuration list for PBXNativeTarget "Hello-World" */ = {
			isa = XCConfigurationList;
			buildConfigurations = (
				B4C6C6DA2CA83550000E6A5B /* Debug */,
				B4C6C6DB2CA83550000E6A5B /* Release */,
			);
			defaultConfigurationIsVisible = 0;
			defaultConfigurationName = Release;
		};
		B4C6C6DC2CA83550000E6A5B /* Build configuration list for PBXNativeTarget "Hello-WorldTests" */ = {
			isa = XCConfigurationList;
			buildConfigurations = (
				B4C6C6DD2CA83550000E6A5B /* Debug */,
				B4C6C6DE2CA83550000E6A5B /* Release */,
			);
			defaultConfigurationIsVisible = 0;
			defaultConfigurationName = Release;
		};
		B4C6C6DF2CA83550000E6A5B /* Build configuration list for PBXNativeTarget "Hello-WorldUITests" */ = {
			isa = XCConfigurationList;
			buildConfigurations = (
				B4C6C6E02CA83550000E6A5B /* Debug */,
				B4C6C6E12CA83550000E6A5B /* Release */,
			);
			defaultConfigurationIsVisible = 0;
			defaultConfigurationName = Release;
		};
/* End XCConfigurationList section */
	};
	rootObject = B4C6C6AD2CA8354F000E6A5B /* Project object */;
}
